{
  "name": "sites-gouv-fr",
  "version": "0.1.0",
  "lockfileVersion": 3,
  "requires": true,
  "packages": {
    "": {
      "name": "sites-gouv-fr",
      "version": "0.1.0",
      "license": "etalab-2.0",
      "dependencies": {
        "graphology": "^0.26.0",
        "graphology-gexf": "^0.13.2",
        "graphology-layout-forceatlas2": "^0.10.1"
      },
      "engines": {
        "node": ">=20"
      }
    },
    "node_modules/@xmldom/xmldom": {
      "version": "0.8.15",
      "resolved": "https://registry.npmjs.org/@xmldom/xmldom/-/xmldom-0.8.15.tgz",
      "integrity": "sha512-/5NV/vDALVFDXgLmfsy9TRCBlKwO2LNBFzpzvb9iIj+jR+eSc6DLYYvVOdivT/jm7MtU6TebYuRmzEOI7w40UA==",
      "license": "MIT",
      "engines": {
        "node": ">=10.0.0"
      }
    },
    "node_modules/events": {
      "version": "3.3.0",
      "resolved": "https://registry.npmjs.org/events/-/events-3.3.0.tgz",
      "integrity": "sha512-mQw+2fkQbALzQ7V0MY0IqdnXNOeTtP4r0lN9z7AAawCXgqea7bDii20AYrIBrFd/Hx0M2Ocz6S111CaFkUcb0Q==",
      "license": "MIT",
      "engines": {
        "node": ">=0.8.x"
      }
    },
    "node_modules/graphology": {
      "version": "0.26.0",
      "resolved": "https://registry.npmjs.org/graphology/-/graphology-0.26.0.tgz",
      "integrity": "sha512-8SSImzgUUYC89Z042s+0r/vMibY7GX/Emz4LDO5e7jYXhuoWfHISPFJYjpRLUSJGq6UQ6xlenvX1p/hJdfXuXg==",
      "license": "MIT",
      "dependencies": {
        "events": "^3.3.0"
      },
      "peerDependencies": {
        "graphology-types": ">=0.24.0"
      }
    },
    "node_modules/graphology-gexf": {
      "version": "0.13.2",
      "resolved": "https://registry.npmjs.org/graphology-gexf/-/graphology-gexf-0.13.2.tgz",
      "integrity": "sha512-7LW1em9RNCtZ7qsnTSEVl0EYGz7lzbZTW8e5xxbcrM2LojZl0x8KS2Z3Q1KNhFX2gVVQ+h0M/CTcdz+B9MQfjg==",
      "license": "MIT",
      "dependencies": {
        "@xmldom/xmldom": "^0.8.3",
        "graphology-utils": "^2.4.1",
        "xml-writer": "^1.7.0"
      },
      "peerDependencies": {
        "graphology-types": ">=0.20.0"
      }
    },
    "node_modules/graphology-layout-forceatlas2": {
      "version": "0.10.1",
      "resolved": "https://registry.npmjs.org/graphology-layout-forceatlas2/-/graphology-layout-forceatlas2-0.10.1.tgz",
      "integrity": "sha512-ogzBeF1FvWzjkikrIFwxhlZXvD2+wlY54lqhsrWprcdPjopM2J9HoMweUmIgwaTvY4bUYVimpSsOdvDv1gPRFQ==",
      "license": "MIT",
      "dependencies": {
        "graphology-utils": "^2.1.0"
      },
      "peerDependencies": {
        "graphology-types": ">=0.19.0"
      }
    },
    "node_modules/graphology-types": {
      "version": "0.24.8",
      "resolved": "https://registry.npmjs.org/graphology-types/-/graphology-types-0.24.8.tgz",
      "integrity": "sha512-hDRKYXa8TsoZHjgEaysSRyPdT6uB78Ci8WnjgbStlQysz7xR52PInxNsmnB7IBOM1BhikxkNyCVEFgmPKnpx3Q==",
      "license": "MIT",
      "peer": true
    },
    "node_modules/graphology-utils": {
      "version": "2.5.2",
      "resolved": "https://registry.npmjs.org/graphology-utils/-/graphology-utils-2.5.2.tgz",
      "integrity": "sha512-ckHg8MXrXJkOARk56ZaSCM1g1Wihe2d6iTmz1enGOz4W/l831MBCKSayeFQfowgF8wd+PQ4rlch/56Vs/VZLDQ==",
      "license": "MIT",
      "peerDependencies": {
        "graphology-types": ">=0.23.0"
      }
    },
    "node_modules/xml-writer": {
      "version": "1.7.0",
      "resolved": "https://registry.npmjs.org/xml-writer/-/xml-writer-1.7.0.tgz",
      "integrity": "sha512-elFVMRiV5jb59fbc87zzVa0C01QLBEWP909mRuWqFqrYC5wNTH5QW4AaKMNv7d6zAsuOulkD7wnztZNLQW0Nfg==",
      "license": "MIT",
      "engines": {
        "node": ">=0.4.0"
      }
    }
  }
}
